
Microsoft Visual Studio Solution File, Format Version 12.00
# Visual Studio Version 16
VisualStudioVersion = 16.0.31829.152
MinimumVisualStudioVersion = 10.0.40219.1
Project("{FAE04EC0-301F-11D3-BF4B-00C04F79EFBC}") = "QuanLyDaoTao.Web", "QuanLyDaoTao.Web\QuanLyDaoTao.Web.csproj", "{AC614A38-183B-4F96-990D-9537A64E46C3}"
EndProject
Global
	GlobalSection(SolutionConfigurationPlatforms) = preSolution
		Debug|Any CPU = Debug|Any CPU
		Release|Any CPU = Release|Any CPU
	EndGlobalSection
	GlobalSection(ProjectConfigurationPlatforms) = postSolution
		{AC614A38-183B-4F96-990D-9537A64E46C3}.Debug|Any CPU.ActiveCfg = Debug|Any CPU
		{AC614A38-183B-4F96-990D-9537A64E46C3}.Debug|Any CPU.Build.0 = Debug|Any CPU
		{AC614A38-183B-4F96-990D-9537A64E46C3}.Release|Any CPU.ActiveCfg = Release|Any CPU
		{AC614A38-183B-4F96-990D-9537A64E46C3}.Release|Any CPU.Build.0 = Release|Any CPU
	EndGlobalSection
	GlobalSection(SolutionProperties) = preSolution
		HideSolutionNode = FALSE
	EndGlobalSection
	GlobalSection(ExtensibilityGlobals) = postSolution
		SolutionGuid = {E04E3C77-8CB0-476D-B25C-88B26F98326A}
	EndGlobalSection
EndGlobal
